<?xml version="1.0" encoding="UTF-8"?>
<CodeBlocks_project_file>
	<FileVersion major="1" minor="6"/>
	<Project>
		<Option title="CMakeProjectByQt_v0"/>
		<Option makefile_is_custom="1"/>
		<Option compiler="gcc"/>
		<Option virtualFolders="CMake Files\;"/>
		<Build>
			<Target title="all">
				<Option working_dir="F:/gitDocTrack/CodeFuture/1-Test/QT/CMakeProjectByQt_v0-build"/>
				<Option type="4"/>
				<MakeCommands>
					<Build command="D:/Qt-MinGW-OpenGL/Qt5.2.1/Tools/mingw48_32/bin/mingw32-make.exe -f &quot;F:/gitDocTrack/CodeFuture/1-Test/QT/CMakeProjectByQt_v0-build/Makefile&quot;  VERBOSE=1 all"/>
					<CompileFile command="D:/Qt-MinGW-OpenGL/Qt5.2.1/Tools/mingw48_32/bin/mingw32-make.exe -f &quot;F:/gitDocTrack/CodeFuture/1-Test/QT/CMakeProjectByQt_v0-build/Makefile&quot;  VERBOSE=1 &quot;$file&quot;"/>
					<Clean command="D:/Qt-MinGW-OpenGL/Qt5.2.1/Tools/mingw48_32/bin/mingw32-make.exe -f &quot;F:/gitDocTrack/CodeFuture/1-Test/QT/CMakeProjectByQt_v0-build/Makefile&quot;  VERBOSE=1 clean"/>
					<DistClean command="D:/Qt-MinGW-OpenGL/Qt5.2.1/Tools/mingw48_32/bin/mingw32-make.exe -f &quot;F:/gitDocTrack/CodeFuture/1-Test/QT/CMakeProjectByQt_v0-build/Makefile&quot;  VERBOSE=1 clean"/>
				</MakeCommands>
			</Target>
			<Target title="CMakeProjectByQt_v0">
				<Option output="F:/gitDocTrack/CodeFuture/1-Test/QT/CMakeProjectByQt_v0-build/CMakeProjectByQt_v0.exe" prefix_auto="0" extension_auto="0"/>
				<Option working_dir="F:/gitDocTrack/CodeFuture/1-Test/QT/CMakeProjectByQt_v0-build"/>
				<Option object_output="./"/>
				<Option type="1"/>
				<Option compiler="gcc"/>
				<Compiler>
					<Add directory="d:\qt-mingw-opengl\qt5.2.1\tools\mingw48_32\bin\../lib/gcc/i686-w64-mingw32/4.8.0/include/c++"/>
					<Add directory="d:\qt-mingw-opengl\qt5.2.1\tools\mingw48_32\bin\../lib/gcc/i686-w64-mingw32/4.8.0/include/c++/i686-w64-mingw32"/>
					<Add directory="d:\qt-mingw-opengl\qt5.2.1\tools\mingw48_32\bin\../lib/gcc/i686-w64-mingw32/4.8.0/include/c++/backward"/>
					<Add directory="d:\qt-mingw-opengl\qt5.2.1\tools\mingw48_32\bin\../lib/gcc/i686-w64-mingw32/4.8.0/include"/>
					<Add directory="d:\qt-mingw-opengl\qt5.2.1\tools\mingw48_32\bin\../lib/gcc/i686-w64-mingw32/4.8.0/include-fixed"/>
					<Add directory="d:\qt-mingw-opengl\qt5.2.1\tools\mingw48_32\bin\../lib/gcc/i686-w64-mingw32/4.8.0/../../../../i686-w64-mingw32/include"/>
				</Compiler>
				<MakeCommands>
					<Build command="D:/Qt-MinGW-OpenGL/Qt5.2.1/Tools/mingw48_32/bin/mingw32-make.exe -f &quot;F:/gitDocTrack/CodeFuture/1-Test/QT/CMakeProjectByQt_v0-build/Makefile&quot;  VERBOSE=1 CMakeProjectByQt_v0"/>
					<CompileFile command="D:/Qt-MinGW-OpenGL/Qt5.2.1/Tools/mingw48_32/bin/mingw32-make.exe -f &quot;F:/gitDocTrack/CodeFuture/1-Test/QT/CMakeProjectByQt_v0-build/Makefile&quot;  VERBOSE=1 &quot;$file&quot;"/>
					<Clean command="D:/Qt-MinGW-OpenGL/Qt5.2.1/Tools/mingw48_32/bin/mingw32-make.exe -f &quot;F:/gitDocTrack/CodeFuture/1-Test/QT/CMakeProjectByQt_v0-build/Makefile&quot;  VERBOSE=1 clean"/>
					<DistClean command="D:/Qt-MinGW-OpenGL/Qt5.2.1/Tools/mingw48_32/bin/mingw32-make.exe -f &quot;F:/gitDocTrack/CodeFuture/1-Test/QT/CMakeProjectByQt_v0-build/Makefile&quot;  VERBOSE=1 clean"/>
				</MakeCommands>
			</Target>
			<Target title="CMakeProjectByQt_v0/fast">
				<Option output="F:/gitDocTrack/CodeFuture/1-Test/QT/CMakeProjectByQt_v0-build/CMakeProjectByQt_v0.exe" prefix_auto="0" extension_auto="0"/>
				<Option working_dir="F:/gitDocTrack/CodeFuture/1-Test/QT/CMakeProjectByQt_v0-build"/>
				<Option object_output="./"/>
				<Option type="1"/>
				<Option compiler="gcc"/>
				<Compiler>
					<Add directory="d:\qt-mingw-opengl\qt5.2.1\tools\mingw48_32\bin\../lib/gcc/i686-w64-mingw32/4.8.0/include/c++"/>
					<Add directory="d:\qt-mingw-opengl\qt5.2.1\tools\mingw48_32\bin\../lib/gcc/i686-w64-mingw32/4.8.0/include/c++/i686-w64-mingw32"/>
					<Add directory="d:\qt-mingw-opengl\qt5.2.1\tools\mingw48_32\bin\../lib/gcc/i686-w64-mingw32/4.8.0/include/c++/backward"/>
					<Add directory="d:\qt-mingw-opengl\qt5.2.1\tools\mingw48_32\bin\../lib/gcc/i686-w64-mingw32/4.8.0/include"/>
					<Add directory="d:\qt-mingw-opengl\qt5.2.1\tools\mingw48_32\bin\../lib/gcc/i686-w64-mingw32/4.8.0/include-fixed"/>
					<Add directory="d:\qt-mingw-opengl\qt5.2.1\tools\mingw48_32\bin\../lib/gcc/i686-w64-mingw32/4.8.0/../../../../i686-w64-mingw32/include"/>
				</Compiler>
				<MakeCommands>
					<Build command="D:/Qt-MinGW-OpenGL/Qt5.2.1/Tools/mingw48_32/bin/mingw32-make.exe -f &quot;F:/gitDocTrack/CodeFuture/1-Test/QT/CMakeProjectByQt_v0-build/Makefile&quot;  VERBOSE=1 CMakeProjectByQt_v0/fast"/>
					<CompileFile command="D:/Qt-MinGW-OpenGL/Qt5.2.1/Tools/mingw48_32/bin/mingw32-make.exe -f &quot;F:/gitDocTrack/CodeFuture/1-Test/QT/CMakeProjectByQt_v0-build/Makefile&quot;  VERBOSE=1 &quot;$file&quot;"/>
					<Clean command="D:/Qt-MinGW-OpenGL/Qt5.2.1/Tools/mingw48_32/bin/mingw32-make.exe -f &quot;F:/gitDocTrack/CodeFuture/1-Test/QT/CMakeProjectByQt_v0-build/Makefile&quot;  VERBOSE=1 clean"/>
					<DistClean command="D:/Qt-MinGW-OpenGL/Qt5.2.1/Tools/mingw48_32/bin/mingw32-make.exe -f &quot;F:/gitDocTrack/CodeFuture/1-Test/QT/CMakeProjectByQt_v0-build/Makefile&quot;  VERBOSE=1 clean"/>
				</MakeCommands>
			</Target>
			<Target title="edit_cache">
				<Option working_dir="F:/gitDocTrack/CodeFuture/1-Test/QT/CMakeProjectByQt_v0-build"/>
				<Option type="4"/>
				<MakeCommands>
					<Build command="D:/Qt-MinGW-OpenGL/Qt5.2.1/Tools/mingw48_32/bin/mingw32-make.exe -f &quot;F:/gitDocTrack/CodeFuture/1-Test/QT/CMakeProjectByQt_v0-build/Makefile&quot;  VERBOSE=1 edit_cache"/>
					<CompileFile command="D:/Qt-MinGW-OpenGL/Qt5.2.1/Tools/mingw48_32/bin/mingw32-make.exe -f &quot;F:/gitDocTrack/CodeFuture/1-Test/QT/CMakeProjectByQt_v0-build/Makefile&quot;  VERBOSE=1 &quot;$file&quot;"/>
					<Clean command="D:/Qt-MinGW-OpenGL/Qt5.2.1/Tools/mingw48_32/bin/mingw32-make.exe -f &quot;F:/gitDocTrack/CodeFuture/1-Test/QT/CMakeProjectByQt_v0-build/Makefile&quot;  VERBOSE=1 clean"/>
					<DistClean command="D:/Qt-MinGW-OpenGL/Qt5.2.1/Tools/mingw48_32/bin/mingw32-make.exe -f &quot;F:/gitDocTrack/CodeFuture/1-Test/QT/CMakeProjectByQt_v0-build/Makefile&quot;  VERBOSE=1 clean"/>
				</MakeCommands>
			</Target>
			<Target title="rebuild_cache">
				<Option working_dir="F:/gitDocTrack/CodeFuture/1-Test/QT/CMakeProjectByQt_v0-build"/>
				<Option type="4"/>
				<MakeCommands>
					<Build command="D:/Qt-MinGW-OpenGL/Qt5.2.1/Tools/mingw48_32/bin/mingw32-make.exe -f &quot;F:/gitDocTrack/CodeFuture/1-Test/QT/CMakeProjectByQt_v0-build/Makefile&quot;  VERBOSE=1 rebuild_cache"/>
					<CompileFile command="D:/Qt-MinGW-OpenGL/Qt5.2.1/Tools/mingw48_32/bin/mingw32-make.exe -f &quot;F:/gitDocTrack/CodeFuture/1-Test/QT/CMakeProjectByQt_v0-build/Makefile&quot;  VERBOSE=1 &quot;$file&quot;"/>
					<Clean command="D:/Qt-MinGW-OpenGL/Qt5.2.1/Tools/mingw48_32/bin/mingw32-make.exe -f &quot;F:/gitDocTrack/CodeFuture/1-Test/QT/CMakeProjectByQt_v0-build/Makefile&quot;  VERBOSE=1 clean"/>
					<DistClean command="D:/Qt-MinGW-OpenGL/Qt5.2.1/Tools/mingw48_32/bin/mingw32-make.exe -f &quot;F:/gitDocTrack/CodeFuture/1-Test/QT/CMakeProjectByQt_v0-build/Makefile&quot;  VERBOSE=1 clean"/>
				</MakeCommands>
			</Target>
		</Build>
		<Unit filename="F:/gitDocTrack/CodeFuture/1-Test/QT/CMakeProjectByQt_v0/main.c">
			<Option target="CMakeProjectByQt_v0"/>
		</Unit>
		<Unit filename="F:/gitDocTrack/CodeFuture/1-Test/QT/CMakeProjectByQt_v0/CMakeLists.txt">
			<Option virtualFolder="CMake Files\"/>
		</Unit>
	</Project>
</CodeBlocks_project_file>
